#MicroXplorer Configuration settings - do not modify
Dma.Request0=SAI1_A
Dma.RequestsNb=1
Dma.SAI1_A.0.Direction=DMA_MEMORY_TO_PERIPH
Dma.SAI1_A.0.Instance=DMA2_Channel1
Dma.SAI1_A.0.MemDataAlignment=DMA_MDATAALIGN_HALFWORD
Dma.SAI1_A.0.MemInc=DMA_MINC_ENABLE
Dma.SAI1_A.0.Mode=DMA_CIRCULAR
Dma.SAI1_A.0.PeriphDataAlignment=DMA_PDATAALIGN_HALFWORD
Dma.SAI1_A.0.PeriphInc=DMA_PINC_DISABLE
Dma.SAI1_A.0.Priority=DMA_PRIORITY_HIGH
Dma.SAI1_A.0.RequestParameters=Instance,Direction,PeriphInc,MemInc,PeriphDataAlignment,MemDataAlignment,Mode,Priority
FATFS.IPParameters=_MAX_SS,_MIN_SS,_USE_LABEL,_USE_FIND,_FS_TINY
FATFS._FS_TINY=1
FATFS._MAX_SS=4096
FATFS._MIN_SS=4096
FATFS._USE_FIND=1
FATFS._USE_LABEL=1
FREERTOS.FootprintOK=true
FREERTOS.IPParameters=Tasks01,configTOTAL_HEAP_SIZE,FootprintOK,Mutexes01,Queues01
FREERTOS.Mutexes01=qspiMutex,Dynamic,NULL
FREERTOS.Queues01=joystickInputQueue,1,uint16_t,0,Dynamic,NULL,NULL
FREERTOS.Tasks01=gameTask,0,4096,gameTaskBody,Default,NULL,Dynamic,NULL,NULL;usbTask,2,256,usbTaskBody,Default,NULL,Dynamic,NULL,NULL;audioTask,0,1024,audioTaskBody,Default,NULL,Dynamic,NULL,NULL;inputTask,0,128,inputTaskBody,Default,NULL,Dynamic,NULL,NULL
FREERTOS.configTOTAL_HEAP_SIZE=32768
File.Version=6
GPIO.groupedBy=Group By Peripherals
I2C1.I2C_Coeff_DF=0
I2C1.I2C_Fall_Time=20
I2C1.I2C_Rise_Time=640
I2C1.IPParameters=Timing,I2C_Rise_Time,I2C_Fall_Time,I2C_Coeff_DF
I2C1.Timing=0x40E03E53
I2C2.IPParameters=Timing
I2C2.Timing=0x10909CEC
KeepUserPlacement=false
LCD.Bias=LCD_BIAS_1_3
LCD.Contrast=LCD_CONTRASTLEVEL_5
LCD.Divider=LCD_DIVIDER_31
LCD.IPParameters=Divider,Bias,Contrast
Mcu.Family=STM32L4
Mcu.IP0=DMA
Mcu.IP1=FATFS
Mcu.IP10=SPI2
Mcu.IP11=SYS
Mcu.IP12=USART2
Mcu.IP13=USB_DEVICE
Mcu.IP14=USB_OTG_FS
Mcu.IP2=FREERTOS
Mcu.IP3=I2C1
Mcu.IP4=I2C2
Mcu.IP5=LCD
Mcu.IP6=NVIC
Mcu.IP7=QUADSPI
Mcu.IP8=RCC
Mcu.IP9=SAI1
Mcu.IPNb=15
Mcu.Name=STM32L476V(C-E-G)Tx
Mcu.Package=LQFP100
Mcu.Pin0=PE2
Mcu.Pin1=PE3
Mcu.Pin10=PC2
Mcu.Pin11=PC3
Mcu.Pin12=PA0
Mcu.Pin13=PA1
Mcu.Pin14=PA2
Mcu.Pin15=PA3
Mcu.Pin16=PA4
Mcu.Pin17=PA5
Mcu.Pin18=PA6
Mcu.Pin19=PA7
Mcu.Pin2=PE4
Mcu.Pin20=PC4
Mcu.Pin21=PC5
Mcu.Pin22=PB0
Mcu.Pin23=PB1
Mcu.Pin24=PB2
Mcu.Pin25=PE7
Mcu.Pin26=PE8
Mcu.Pin27=PE10
Mcu.Pin28=PE11
Mcu.Pin29=PE12
Mcu.Pin3=PE5
Mcu.Pin30=PE13
Mcu.Pin31=PE14
Mcu.Pin32=PE15
Mcu.Pin33=PB10
Mcu.Pin34=PB11
Mcu.Pin35=PB12
Mcu.Pin36=PB13
Mcu.Pin37=PB14
Mcu.Pin38=PB15
Mcu.Pin39=PD8
Mcu.Pin4=PE6
Mcu.Pin40=PD9
Mcu.Pin41=PD10
Mcu.Pin42=PD11
Mcu.Pin43=PD12
Mcu.Pin44=PD13
Mcu.Pin45=PD14
Mcu.Pin46=PD15
Mcu.Pin47=PC6
Mcu.Pin48=PC7
Mcu.Pin49=PC8
Mcu.Pin5=PC13
Mcu.Pin50=PC9
Mcu.Pin51=PA8
Mcu.Pin52=PA9
Mcu.Pin53=PA10
Mcu.Pin54=PA11
Mcu.Pin55=PA12
Mcu.Pin56=PA13 (JTMS-SWDIO)
Mcu.Pin57=PA14 (JTCK-SWCLK)
Mcu.Pin58=PA15 (JTDI)
Mcu.Pin59=PC10
Mcu.Pin6=PC14-OSC32_IN (PC14)
Mcu.Pin60=PC11
Mcu.Pin61=PD1
Mcu.Pin62=PD3
Mcu.Pin63=PD4
Mcu.Pin64=PD5
Mcu.Pin65=PD6
Mcu.Pin66=PD7
Mcu.Pin67=PB3 (JTDO-TRACESWO)
Mcu.Pin68=PB4 (NJTRST)
Mcu.Pin69=PB5
Mcu.Pin7=PC15-OSC32_OUT (PC15)
Mcu.Pin70=PB6
Mcu.Pin71=PB7
Mcu.Pin72=PB8
Mcu.Pin73=PB9
Mcu.Pin74=PE0
Mcu.Pin75=VP_FATFS_VS_Generic
Mcu.Pin76=VP_FREERTOS_VS_CMSIS_V1
Mcu.Pin77=VP_SYS_VS_tim1
Mcu.Pin78=VP_USB_DEVICE_VS_USB_DEVICE_MSC_FS
Mcu.Pin8=PC0
Mcu.Pin9=PC1
Mcu.PinsNb=79
Mcu.ThirdPartyNb=0
Mcu.UserConstants=A,0x1;B,0x2
Mcu.UserName=STM32L476VGTx
MxCube.Version=5.6.1
MxDb.Version=DB.5.0.60
NVIC.BusFault_IRQn=true\:0\:0\:false\:false\:true\:false\:true\:false
NVIC.DMA2_Channel1_IRQn=true\:5\:0\:false\:false\:true\:true\:true\:true
NVIC.DebugMonitor_IRQn=true\:0\:0\:false\:false\:true\:false\:true\:false
NVIC.EXTI0_IRQn=true\:5\:0\:false\:false\:true\:true\:true\:true
NVIC.EXTI1_IRQn=true\:5\:0\:false\:false\:true\:true\:true\:true
NVIC.EXTI2_IRQn=true\:5\:0\:false\:false\:true\:true\:true\:true
NVIC.EXTI3_IRQn=true\:5\:0\:false\:false\:true\:true\:true\:true
NVIC.EXTI9_5_IRQn=true\:5\:0\:false\:false\:true\:true\:true\:true
NVIC.ForceEnableDMAVector=true
NVIC.HardFault_IRQn=true\:0\:0\:false\:false\:true\:false\:true\:false
NVIC.MemoryManagement_IRQn=true\:0\:0\:false\:false\:true\:false\:true\:false
NVIC.NonMaskableInt_IRQn=true\:0\:0\:false\:false\:true\:false\:true\:false
NVIC.OTG_FS_IRQn=true\:5\:0\:false\:false\:true\:true\:true\:true
NVIC.PendSV_IRQn=true\:15\:0\:false\:false\:false\:true\:true\:false
NVIC.PriorityGroup=NVIC_PRIORITYGROUP_4
NVIC.SVCall_IRQn=true\:0\:0\:false\:false\:false\:false\:true\:false
NVIC.SysTick_IRQn=true\:15\:0\:false\:false\:false\:true\:true\:false
NVIC.TIM1_UP_TIM16_IRQn=true\:0\:0\:false\:false\:true\:false\:false\:true
NVIC.TimeBase=TIM1_UP_TIM16_IRQn
NVIC.TimeBaseIP=TIM1
NVIC.UsageFault_IRQn=true\:0\:0\:false\:false\:true\:false\:true\:false
PA0.GPIOParameters=GPIO_PuPd,GPIO_Label
PA0.GPIO_Label=JOY_CENTER
PA0.GPIO_PuPd=GPIO_PULLDOWN
PA0.Locked=true
PA0.Signal=GPXTI0
PA1.GPIOParameters=GPIO_PuPd,GPIO_Label
PA1.GPIO_Label=JOY_LEFT
PA1.GPIO_PuPd=GPIO_PULLDOWN
PA1.Locked=true
PA1.Signal=GPXTI1
PA10.Mode=1/4 Duty Cycle
PA10.Signal=LCD_COM2
PA11.Mode=Device_Only
PA11.Signal=USB_OTG_FS_DM
PA12.Mode=Device_Only
PA12.Signal=USB_OTG_FS_DP
PA13\ (JTMS-SWDIO).Mode=Trace_Asynchronous_SW
PA13\ (JTMS-SWDIO).Signal=SYS_JTMS-SWDIO
PA14\ (JTCK-SWCLK).Mode=Trace_Asynchronous_SW
PA14\ (JTCK-SWCLK).Signal=SYS_JTCK-SWCLK
PA15\ (JTDI).Mode=SEG17
PA15\ (JTDI).Signal=LCD_SEG17
PA2.GPIOParameters=GPIO_PuPd,GPIO_Label
PA2.GPIO_Label=JOY_RIGHT
PA2.GPIO_PuPd=GPIO_PULLDOWN
PA2.Locked=true
PA2.Signal=GPXTI2
PA3.GPIOParameters=GPIO_PuPd,GPIO_Label
PA3.GPIO_Label=JOY_UP
PA3.GPIO_PuPd=GPIO_PULLDOWN
PA3.Locked=true
PA3.Signal=GPXTI3
PA4.GPIOParameters=GPIO_Label
PA4.GPIO_Label=MFX_WAKEUP [MFX_V2_WAKEUP] 
PA4.Signal=GPXTI4
PA5.GPIOParameters=GPIO_PuPd,GPIO_Label
PA5.GPIO_Label=JOY_DOWN
PA5.GPIO_PuPd=GPIO_PULLDOWN
PA5.Locked=true
PA5.Signal=GPXTI5
PA6.Mode=SEG3
PA6.Signal=LCD_SEG3
PA7.Mode=SEG4
PA7.Signal=LCD_SEG4
PA8.Mode=1/4 Duty Cycle
PA8.Signal=LCD_COM0
PA9.Mode=1/4 Duty Cycle
PA9.Signal=LCD_COM1
PB0.Mode=SEG5
PB0.Signal=LCD_SEG5
PB1.Mode=SEG6
PB1.Signal=LCD_SEG6
PB10.Mode=I2C
PB10.Signal=I2C2_SCL
PB11.Mode=I2C
PB11.Signal=I2C2_SDA
PB12.Mode=SEG12
PB12.Signal=LCD_SEG12
PB13.Mode=SEG13
PB13.Signal=LCD_SEG13
PB14.Mode=SEG14
PB14.Signal=LCD_SEG14
PB15.Mode=SEG15
PB15.Signal=LCD_SEG15
PB2.GPIOParameters=GPIO_PuPd,GPIO_Label
PB2.GPIO_Label=LED_RED
PB2.GPIO_PuPd=GPIO_PULLUP
PB2.Signal=GPIO_Output
PB3\ (JTDO-TRACESWO).Mode=Trace_Asynchronous_SW
PB3\ (JTDO-TRACESWO).Signal=SYS_JTDO-SWO
PB4\ (NJTRST).Mode=SEG8
PB4\ (NJTRST).Signal=LCD_SEG8
PB5.Mode=SEG9
PB5.Signal=LCD_SEG9
PB6.Mode=I2C
PB6.Signal=I2C1_SCL
PB7.Mode=I2C
PB7.Signal=I2C1_SDA
PB8.GPIOParameters=GPIO_Label,GPIO_ModeDefaultEXTI
PB8.GPIO_Label=GYRO_INT2 [L3D20_DRDY/INT2] 
PB8.GPIO_ModeDefaultEXTI=GPIO_MODE_EVT_RISING
PB8.Signal=GPXTI8
PB9.Mode=1/4 Duty Cycle
PB9.Signal=LCD_COM3
PC0.GPIOParameters=GPIO_Label
PC0.GPIO_Label=MAG_CS
PC0.Signal=GPIO_Input
PC1.GPIOParameters=GPIO_Label
PC1.GPIO_Label=MAG_INT [LSM303CTR_MAG_INT] 
PC1.Signal=GPIO_Input
PC10.GPIOParameters=GPIO_Label
PC10.GPIO_Label=OTG_FS_OverCurrent [STMPS2141STR_FAULT] 
PC10.Signal=GPXTI10
PC11.GPIOParameters=GPIO_Label
PC11.GPIO_Label=USB_VBUS
PC11.Signal=GPIO_Input
PC13.GPIOParameters=GPIO_Label
PC13.GPIO_Label=MFX_IRQ_OUT [MFX_V2_IRQOUT] 
PC13.Signal=GPXTI13
PC14-OSC32_IN\ (PC14).Mode=LSE-External-Oscillator
PC14-OSC32_IN\ (PC14).Signal=RCC_OSC32_IN
PC15-OSC32_OUT\ (PC15).Mode=LSE-External-Oscillator
PC15-OSC32_OUT\ (PC15).Signal=RCC_OSC32_OUT
PC2.GPIOParameters=GPIO_Label
PC2.GPIO_Label=MAG_DRDY [LSM303CTR_DRDY_MAG] 
PC2.Signal=GPIO_Input
PC3.Mode=1/4 Duty Cycle
PC3.Signal=LCD_VLCD
PC4.Mode=SEG22
PC4.Signal=LCD_SEG22
PC5.Mode=SEG23
PC5.Signal=LCD_SEG23
PC6.Mode=SEG24
PC6.Signal=LCD_SEG24
PC7.Mode=SEG25
PC7.Signal=LCD_SEG25
PC8.Mode=SEG26
PC8.Signal=LCD_SEG26
PC9.Mode=SEG27
PC9.Signal=LCD_SEG27
PD1.GPIOParameters=GPIO_Label
PD1.GPIO_Label=MEMS_SCK [L3GD20_SCL/SPC] 
PD1.Mode=Full_Duplex_Master
PD1.Signal=SPI2_SCK
PD10.Mode=SEG30
PD10.Signal=LCD_SEG30
PD11.Mode=SEG31
PD11.Signal=LCD_SEG31
PD12.Mode=SEG32
PD12.Signal=LCD_SEG32
PD13.Mode=SEG33
PD13.Signal=LCD_SEG33
PD14.Mode=SEG34
PD14.Signal=LCD_SEG34
PD15.Mode=SEG35
PD15.Signal=LCD_SEG35
PD3.GPIOParameters=GPIO_Label
PD3.GPIO_Label=MEMS_MISO [L3GD20_SA0/SDO] 
PD3.Mode=Full_Duplex_Master
PD3.Signal=SPI2_MISO
PD4.GPIOParameters=GPIO_Label
PD4.GPIO_Label=MEMS_MOSI [L3GD20_SDA/SDI/SDO] 
PD4.Mode=Full_Duplex_Master
PD4.Signal=SPI2_MOSI
PD5.Mode=Asynchronous
PD5.Signal=USART2_TX
PD6.Mode=Asynchronous
PD6.Signal=USART2_RX
PD7.GPIOParameters=GPIO_Label
PD7.GPIO_Label=GYRO_CS [L3GD20_CS_I2C/SPI] 
PD7.Signal=GPIO_Output
PD8.Mode=SEG28
PD8.Signal=LCD_SEG28
PD9.Mode=SEG29
PD9.Signal=LCD_SEG29
PE0.GPIOParameters=GPIO_Label
PE0.GPIO_Label=XL_CS [LSM303CTR_CS_XL] 
PE0.Signal=GPIO_Output
PE10.Mode=Single Bank
PE10.Signal=QUADSPI_CLK
PE11.Mode=Single Bank
PE11.Signal=QUADSPI_NCS
PE12.Mode=Single Bank
PE12.Signal=QUADSPI_BK1_IO0
PE13.Mode=Single Bank
PE13.Signal=QUADSPI_BK1_IO1
PE14.Mode=Single Bank
PE14.Signal=QUADSPI_BK1_IO2
PE15.Mode=Single Bank
PE15.Signal=QUADSPI_BK1_IO3
PE2.Mode=SAI_A_MasterWithClock
PE2.Signal=SAI1_MCLK_A
PE3.GPIOParameters=GPIO_Label
PE3.GPIO_Label=AUDIO_RESET
PE3.Signal=GPIO_Output
PE4.Mode=SAI_A_MasterWithClock
PE4.Signal=SAI1_FS_A
PE5.Mode=SAI_A_MasterWithClock
PE5.Signal=SAI1_SCK_A
PE6.Mode=SAI_A_MasterWithClock
PE6.Signal=SAI1_SD_A
PE7.Mode=SAI_B_SyncSlave
PE7.Signal=SAI1_SD_B
PE8.GPIOParameters=GPIO_PuPd,GPIO_Label
PE8.GPIO_Label=LED_GREEN
PE8.GPIO_PuPd=GPIO_PULLUP
PE8.Signal=GPIO_Output
PinOutPanel.RotationAngle=0
ProjectManager.AskForMigrate=true
ProjectManager.BackupPrevious=false
ProjectManager.CompilerOptimize=2
ProjectManager.ComputerToolchain=false
ProjectManager.CoupleFile=true
ProjectManager.CustomerFirmwarePackage=
ProjectManager.DefaultFWLocation=true
ProjectManager.DeletePrevious=true
ProjectManager.DeviceId=STM32L476VGTx
ProjectManager.FirmwarePackage=STM32Cube FW_L4 V1.15.1
ProjectManager.FreePins=false
ProjectManager.HalAssertFull=false
ProjectManager.HeapSize=0x200
ProjectManager.KeepUserCode=true
ProjectManager.LastFirmware=true
ProjectManager.LibraryCopy=1
ProjectManager.MainLocation=Core/Src
ProjectManager.NoMain=false
ProjectManager.PreviousToolchain=STM32CubeIDE
ProjectManager.ProjectBuild=false
ProjectManager.ProjectFileName=snake_Game.ioc
ProjectManager.ProjectName=snake_Game
ProjectManager.StackSize=0x400
ProjectManager.TargetToolchain=STM32CubeIDE
ProjectManager.ToolChainLocation=
ProjectManager.UnderRoot=true
ProjectManager.functionlistsort=1-MX_GPIO_Init-GPIO-false-HAL-true,2-MX_DMA_Init-DMA-false-HAL-true,3-SystemClock_Config-RCC-false-HAL-false,4-MX_I2C1_Init-I2C1-false-HAL-true,5-MX_I2C2_Init-I2C2-false-HAL-true,6-MX_LCD_Init-LCD-false-HAL-true,7-MX_QUADSPI_Init-QUADSPI-false-HAL-true,8-MX_SAI1_Init-SAI1-false-HAL-true,9-MX_SPI2_Init-SPI2-false-HAL-true,10-MX_USART2_UART_Init-USART2-false-HAL-true,11-MX_FATFS_Init-FATFS-false-HAL-false,12-MX_USB_DEVICE_Init-USB_DEVICE-false-HAL-false
QUADSPI.ClockPrescaler-Single\ Bank=255
QUADSPI.FifoThreshold-Single\ Bank=1
QUADSPI.FlashSize-Single\ Bank=0x17
QUADSPI.IPParameters=ClockPrescaler-Single Bank,FifoThreshold-Single Bank,FlashSize-Single Bank
RCC.ADCFreq_Value=96000000
RCC.AHBFreq_Value=80000000
RCC.APB1Freq_Value=80000000
RCC.APB1TimFreq_Value=80000000
RCC.APB2Freq_Value=80000000
RCC.APB2TimFreq_Value=80000000
RCC.CortexFreq_Value=80000000
RCC.DFSDMFreq_Value=80000000
RCC.FCLKCortexFreq_Value=80000000
RCC.FamilyName=M
RCC.HCLKFreq_Value=80000000
RCC.HSE_VALUE=8000000
RCC.HSI_VALUE=16000000
RCC.I2C1Freq_Value=80000000
RCC.I2C2Freq_Value=80000000
RCC.I2C3Freq_Value=80000000
RCC.IPParameters=ADCFreq_Value,AHBFreq_Value,APB1Freq_Value,APB1TimFreq_Value,APB2Freq_Value,APB2TimFreq_Value,CortexFreq_Value,DFSDMFreq_Value,FCLKCortexFreq_Value,FamilyName,HCLKFreq_Value,HSE_VALUE,HSI_VALUE,I2C1Freq_Value,I2C2Freq_Value,I2C3Freq_Value,LCDFreq_Value,LPTIM1Freq_Value,LPTIM2Freq_Value,LPUART1Freq_Value,LSCOPinFreq_Value,LSI_VALUE,MCO1PinFreq_Value,MSIClockRange,MSI_VALUE,PLLN,PLLPoutputFreq_Value,PLLQoutputFreq_Value,PLLRCLKFreq_Value,PLLSAI1N,PLLSAI1P,PLLSAI1PoutputFreq_Value,PLLSAI1Q,PLLSAI1QoutputFreq_Value,PLLSAI1RoutputFreq_Value,PLLSAI2PoutputFreq_Value,PLLSAI2RoutputFreq_Value,PWRFreq_Value,RNGFreq_Value,RTCClockSelection,RTCFreq_Value,SAI1Freq_Value,SAI2Freq_Value,SDMMCFreq_Value,SWPMI1Freq_Value,SYSCLKFreq_VALUE,SYSCLKSource,UART4Freq_Value,UART5Freq_Value,USART1Freq_Value,USART2Freq_Value,USART3Freq_Value,USBFreq_Value,VCOInputFreq_Value,VCOOutputFreq_Value,VCOSAI1OutputFreq_Value,VCOSAI2OutputFreq_Value
RCC.LCDFreq_Value=32768
RCC.LPTIM1Freq_Value=80000000
RCC.LPTIM2Freq_Value=80000000
RCC.LPUART1Freq_Value=80000000
RCC.LSCOPinFreq_Value=32000
RCC.LSI_VALUE=32000
RCC.MCO1PinFreq_Value=80000000
RCC.MSIClockRange=RCC_MSIRANGE_6
RCC.MSI_VALUE=4000000
RCC.PLLN=40
RCC.PLLPoutputFreq_Value=22857142.85714286
RCC.PLLQoutputFreq_Value=80000000
RCC.PLLRCLKFreq_Value=80000000
RCC.PLLSAI1N=48
RCC.PLLSAI1P=RCC_PLLP_DIV17
RCC.PLLSAI1PoutputFreq_Value=11294117.647058824
RCC.PLLSAI1Q=RCC_PLLQ_DIV4
RCC.PLLSAI1QoutputFreq_Value=48000000
RCC.PLLSAI1RoutputFreq_Value=96000000
RCC.PLLSAI2PoutputFreq_Value=4571428.571428572
RCC.PLLSAI2RoutputFreq_Value=16000000
RCC.PWRFreq_Value=80000000
RCC.RNGFreq_Value=48000000
RCC.RTCClockSelection=RCC_RTCCLKSOURCE_LSE
RCC.RTCFreq_Value=32768
RCC.SAI1Freq_Value=11294117.647058824
RCC.SAI2Freq_Value=11294117.647058824
RCC.SDMMCFreq_Value=48000000
RCC.SWPMI1Freq_Value=80000000
RCC.SYSCLKFreq_VALUE=80000000
RCC.SYSCLKSource=RCC_SYSCLKSOURCE_PLLCLK
RCC.UART4Freq_Value=80000000
RCC.UART5Freq_Value=80000000
RCC.USART1Freq_Value=80000000
RCC.USART2Freq_Value=80000000
RCC.USART3Freq_Value=80000000
RCC.USBFreq_Value=48000000
RCC.VCOInputFreq_Value=4000000
RCC.VCOOutputFreq_Value=160000000
RCC.VCOSAI1OutputFreq_Value=192000000
RCC.VCOSAI2OutputFreq_Value=32000000
SAI1.ActiveFrameLength-SAI_A_MasterWithClock=16
SAI1.AudioFrequency-SAI_A_MasterWithClock=SAI_AUDIO_FREQUENCY_44K
SAI1.ClockStrobing-SAI_A_MasterWithClock=SAI_CLOCKSTROBING_RISINGEDGE
SAI1.DataSize-SAI_A_MasterWithClock=SAI_DATASIZE_16
SAI1.ErrorAudioFreq-SAI_A_MasterWithClock=0.26 %
SAI1.FIFOThreshold-SAI_A_MasterWithClock=SAI_FIFOTHRESHOLD_1QF
SAI1.FSDefinition-SAI_A_MasterWithClock=SAI_FS_CHANNEL_IDENTIFICATION
SAI1.FSOffset-SAI_A_MasterWithClock=SAI_FS_BEFOREFIRSTBIT
SAI1.FrameLength-SAI_A_MasterWithClock=32
SAI1.FrameLength-SAI_B_SyncSlave=32
SAI1.IPParameters=Instance-SAI_A_MasterWithClock,VirtualMode-SAI_A_MasterWithClock,MClockEnable-SAI_A_MasterWithClock,SlotActive-SAI_A_MasterWithClock,RealAudioFreq-SAI_A_MasterWithClock,ErrorAudioFreq-SAI_A_MasterWithClock,FrameLength-SAI_A_MasterWithClock,DataSize-SAI_A_MasterWithClock,ActiveFrameLength-SAI_A_MasterWithClock,FSOffset-SAI_A_MasterWithClock,SlotNumber-SAI_A_MasterWithClock,VirtualSlotActive-SAI_A_MasterWithClock,VirtualSlotActive0-SAI_A_MasterWithClock,VirtualSlotActive1-SAI_A_MasterWithClock,AudioFrequency-SAI_A_MasterWithClock,ClockStrobing-SAI_A_MasterWithClock,FIFOThreshold-SAI_A_MasterWithClock,OutputDrive-SAI_A_MasterWithClock,FSDefinition-SAI_A_MasterWithClock,Instance-SAI_B_SyncSlave,VirtualMode-SAI_B_SyncSlave,FrameLength-SAI_B_SyncSlave
SAI1.Instance-SAI_A_MasterWithClock=SAI$Index_Block_A
SAI1.Instance-SAI_B_SyncSlave=SAI$Index_Block_B
SAI1.MClockEnable-SAI_A_MasterWithClock=SAI_MASTERCLOCK_ENABLE
SAI1.OutputDrive-SAI_A_MasterWithClock=SAI_OUTPUTDRIVE_ENABLE
SAI1.RealAudioFreq-SAI_A_MasterWithClock=44.117 KHz
SAI1.SlotActive-SAI_A_MasterWithClock=0x00000003
SAI1.SlotNumber-SAI_A_MasterWithClock=2
SAI1.VirtualMode-SAI_A_MasterWithClock=VM_MASTER
SAI1.VirtualMode-SAI_B_SyncSlave=VM_SLAVE
SAI1.VirtualSlotActive-SAI_A_MasterWithClock=SAI_SLOT_USERSETTING
SAI1.VirtualSlotActive0-SAI_A_MasterWithClock=true
SAI1.VirtualSlotActive1-SAI_A_MasterWithClock=true
SH.GPXTI0.0=GPIO_EXTI0
SH.GPXTI0.ConfNb=1
SH.GPXTI1.0=GPIO_EXTI1
SH.GPXTI1.ConfNb=1
SH.GPXTI10.0=GPIO_EXTI10
SH.GPXTI10.ConfNb=1
SH.GPXTI13.0=GPIO_EXTI13
SH.GPXTI13.ConfNb=1
SH.GPXTI2.0=GPIO_EXTI2
SH.GPXTI2.ConfNb=1
SH.GPXTI3.0=GPIO_EXTI3
SH.GPXTI3.ConfNb=1
SH.GPXTI4.0=GPIO_EXTI4
SH.GPXTI4.ConfNb=1
SH.GPXTI5.0=GPIO_EXTI5
SH.GPXTI5.ConfNb=1
SH.GPXTI8.0=GPIO_EXTI8
SH.GPXTI8.ConfNb=1
SPI2.BaudRatePrescaler=SPI_BAUDRATEPRESCALER_8
SPI2.CalculateBaudRate=10.0 MBits/s
SPI2.DataSize=SPI_DATASIZE_8BIT
SPI2.Direction=SPI_DIRECTION_2LINES
SPI2.IPParameters=VirtualType,Mode,Direction,CalculateBaudRate,DataSize,BaudRatePrescaler
SPI2.Mode=SPI_MODE_MASTER
SPI2.VirtualType=VM_MASTER
USART2.IPParameters=VirtualMode-Asynchronous
USART2.VirtualMode-Asynchronous=VM_ASYNC
USB_DEVICE.CLASS_NAME_FS=MSC
USB_DEVICE.IPParameters=VirtualMode,VirtualModeFS,CLASS_NAME_FS,USBD_LPM_ENABLED,MSC_MEDIA_PACKET
USB_DEVICE.MSC_MEDIA_PACKET=4096
USB_DEVICE.USBD_LPM_ENABLED=0
USB_DEVICE.VirtualMode=Msc
USB_DEVICE.VirtualModeFS=Msc_FS
USB_OTG_FS.IPParameters=VirtualMode
USB_OTG_FS.VirtualMode=Device_Only
VP_FATFS_VS_Generic.Mode=User_defined
VP_FATFS_VS_Generic.Signal=FATFS_VS_Generic
VP_FREERTOS_VS_CMSIS_V1.Mode=CMSIS_V1
VP_FREERTOS_VS_CMSIS_V1.Signal=FREERTOS_VS_CMSIS_V1
VP_SYS_VS_tim1.Mode=TIM1
VP_SYS_VS_tim1.Signal=SYS_VS_tim1
VP_USB_DEVICE_VS_USB_DEVICE_MSC_FS.Mode=MSC_FS
VP_USB_DEVICE_VS_USB_DEVICE_MSC_FS.Signal=USB_DEVICE_VS_USB_DEVICE_MSC_FS
board=Audio_player2
isbadioc=false
